
Microsoft Visual Studio Solution File, Format Version 12.00
# Visual Studio Version 17
VisualStudioVersion = 17.12.35527.113
MinimumVisualStudioVersion = 10.0.40219.1
Project("{8BC9CEB8-8B4A-11D0-8D11-00A0C91BC942}") = "beyond_scalars", "beyond_scalars.vcxproj", "{1A27859A-0CAA-4A0B-8000-9BDF1A2253B5}"
EndProject
Global
	GlobalSection(SolutionConfigurationPlatforms) = preSolution
		Chall|x64 = Chall|x64
		Chall|x86 = Chall|x86
		Debug|x64 = Debug|x64
		Debug|x86 = Debug|x86
		Release|x64 = Release|x64
		Release|x86 = Release|x86
	EndGlobalSection
	GlobalSection(ProjectConfigurationPlatforms) = postSolution
		{1A27859A-0CAA-4A0B-8000-9BDF1A2253B5}.Chall|x64.ActiveCfg = Chall|x64
		{1A27859A-0CAA-4A0B-8000-9BDF1A2253B5}.Chall|x64.Build.0 = Chall|x64
		{1A27859A-0CAA-4A0B-8000-9BDF1A2253B5}.Chall|x86.ActiveCfg = Chall|Win32
		{1A27859A-0CAA-4A0B-8000-9BDF1A2253B5}.Chall|x86.Build.0 = Chall|Win32
		{1A27859A-0CAA-4A0B-8000-9BDF1A2253B5}.Debug|x64.ActiveCfg = Debug|x64
		{1A27859A-0CAA-4A0B-8000-9BDF1A2253B5}.Debug|x64.Build.0 = Debug|x64
		{1A27859A-0CAA-4A0B-8000-9BDF1A2253B5}.Debug|x86.ActiveCfg = Debug|Win32
		{1A27859A-0CAA-4A0B-8000-9BDF1A2253B5}.Debug|x86.Build.0 = Debug|Win32
		{1A27859A-0CAA-4A0B-8000-9BDF1A2253B5}.Release|x64.ActiveCfg = Release|x64
		{1A27859A-0CAA-4A0B-8000-9BDF1A2253B5}.Release|x64.Build.0 = Release|x64
		{1A27859A-0CAA-4A0B-8000-9BDF1A2253B5}.Release|x86.ActiveCfg = Release|Win32
		{1A27859A-0CAA-4A0B-8000-9BDF1A2253B5}.Release|x86.Build.0 = Release|Win32
	EndGlobalSection
	GlobalSection(SolutionProperties) = preSolution
		HideSolutionNode = FALSE
	EndGlobalSection
EndGlobal
